<?xml version="1.0" encoding="utf-8"?>
<Project ToolsVersion="4.0" xmlns="http://schemas.microsoft.com/developer/msbuild/2003">
  <ItemGroup>
    <Filter Include="头文件">
      <UniqueIdentifier>{93995380-89BD-4b04-88EB-625FBE52EBFB}</UniqueIdentifier>
      <Extensions>h;hh;hpp;hxx;h++;hm;inl;inc;ipp;xsd</Extensions>
    </Filter>
    <Filter Include="资源文件">
      <UniqueIdentifier>{67DA6AB6-F800-4c08-8B7A-83BB121AAD01}</UniqueIdentifier>
      <Extensions>rc;ico;cur;bmp;dlg;rc2;rct;bin;rgs;gif;jpg;jpeg;jpe;resx;tiff;tif;png;wav;mfcribbon-ms</Extensions>
    </Filter>
    <Filter Include="ImGui">
      <UniqueIdentifier>{220c4882-ae52-478d-9f2e-1add09d60636}</UniqueIdentifier>
    </Filter>
    <Filter Include="src">
      <UniqueIdentifier>{5556d3eb-4167-4377-bbf8-75a317fbaf18}</UniqueIdentifier>
    </Filter>
    <Filter Include="src\component">
      <UniqueIdentifier>{23240452-dbcb-4e7a-b9e1-99f4230573ba}</UniqueIdentifier>
    </Filter>
    <Filter Include="src\object">
      <UniqueIdentifier>{1ccf31de-7db9-4cb5-b618-365026d1a19d}</UniqueIdentifier>
    </Filter>
    <Filter Include="src\PT">
      <UniqueIdentifier>{20c44c69-524b-4d0b-87c2-ed03ec1de130}</UniqueIdentifier>
    </Filter>
    <Filter Include="src\system">
      <UniqueIdentifier>{45a37cf9-2d62-4062-af8a-4d0a48f36ce2}</UniqueIdentifier>
    </Filter>
    <Filter Include="src\utils">
      <UniqueIdentifier>{a07f2dcf-6e3e-4ea8-9fb9-d5ccb2c9edd8}</UniqueIdentifier>
    </Filter>
    <Filter Include="src\renderer">
      <UniqueIdentifier>{ee52301d-6165-4939-8c00-957cf3f6dd0f}</UniqueIdentifier>
    </Filter>
    <Filter Include="src\buffer">
      <UniqueIdentifier>{4a8485d4-519f-41a1-9657-a6211eb7ba20}</UniqueIdentifier>
    </Filter>
    <Filter Include="src\PT\hittable">
      <UniqueIdentifier>{a0085f29-6253-404a-b07f-1c3262ae585f}</UniqueIdentifier>
    </Filter>
    <Filter Include="src\PT\material">
      <UniqueIdentifier>{0d3f5b12-c8d3-4a98-8b8c-d9f9654f9643}</UniqueIdentifier>
    </Filter>
    <Filter Include="libdds">
      <UniqueIdentifier>{6053c5ab-ccd1-409b-a627-8229e5a47052}</UniqueIdentifier>
    </Filter>
    <Filter Include="头文件\buffer">
      <UniqueIdentifier>{034d17ad-1265-4fc7-8886-1dade00c461e}</UniqueIdentifier>
    </Filter>
    <Filter Include="头文件\component">
      <UniqueIdentifier>{bfaaf404-2578-4d39-84f5-6fa9d984104f}</UniqueIdentifier>
    </Filter>
    <Filter Include="头文件\object">
      <UniqueIdentifier>{e139eae8-e76f-47af-8613-a50fa9e219ad}</UniqueIdentifier>
    </Filter>
    <Filter Include="头文件\PT">
      <UniqueIdentifier>{a13046eb-9e53-4ce2-9961-583062d736d9}</UniqueIdentifier>
    </Filter>
    <Filter Include="头文件\renderer">
      <UniqueIdentifier>{1a2f0c33-c15b-4a25-9e90-382a5d438567}</UniqueIdentifier>
    </Filter>
    <Filter Include="头文件\system">
      <UniqueIdentifier>{c133a5e9-fa38-401b-88f0-aab43d26e0b4}</UniqueIdentifier>
    </Filter>
    <Filter Include="头文件\utils">
      <UniqueIdentifier>{fda8a5f9-8277-4b43-b7ec-dad5cf66b554}</UniqueIdentifier>
    </Filter>
    <Filter Include="头文件\PT\material">
      <UniqueIdentifier>{402cb6fd-f684-4da1-88cb-787c5e399a90}</UniqueIdentifier>
    </Filter>
    <Filter Include="头文件\PT\hittable">
      <UniqueIdentifier>{5d560f59-2da9-46e2-8a1c-b8f685c3a270}</UniqueIdentifier>
    </Filter>
  </ItemGroup>
  <ItemGroup>
    <ClCompile Include="src\main.cpp">
      <Filter>src</Filter>
    </ClCompile>
    <ClCompile Include="src\component\Lights.cpp">
      <Filter>src\component</Filter>
    </ClCompile>
    <ClCompile Include="src\component\Model.cpp">
      <Filter>src\component</Filter>
    </ClCompile>
    <ClCompile Include="src\object\SkyBox.cpp">
      <Filter>src\object</Filter>
    </ClCompile>
    <ClCompile Include="src\object\Terrain.cpp">
      <Filter>src\object</Filter>
    </ClCompile>
    <ClCompile Include="src\PT\BVH.cpp">
      <Filter>src\PT</Filter>
    </ClCompile>
    <ClCompile Include="src\PT\PathTracing.cpp">
      <Filter>src\PT</Filter>
    </ClCompile>
    <ClCompile Include="src\PT\PTAABB.cpp">
      <Filter>src\PT</Filter>
    </ClCompile>
    <ClCompile Include="src\PT\PTCamera.cpp">
      <Filter>src\PT</Filter>
    </ClCompile>
    <ClCompile Include="src\PT\PTRay.cpp">
      <Filter>src\PT</Filter>
    </ClCompile>
    <ClCompile Include="src\PT\PTVec.cpp">
      <Filter>src\PT</Filter>
    </ClCompile>
    <ClCompile Include="src\system\RenderManager.cpp">
      <Filter>src\system</Filter>
    </ClCompile>
    <ClCompile Include="src\utils\Shader.cpp">
      <Filter>src\utils</Filter>
    </ClCompile>
    <ClCompile Include="src\utils\Utils.cpp">
      <Filter>src\utils</Filter>
    </ClCompile>
    <ClCompile Include="src\component\transform.cpp">
      <Filter>src\component</Filter>
    </ClCompile>
    <ClCompile Include="src\renderer\Mesh_Filter.cpp">
      <Filter>src\renderer</Filter>
    </ClCompile>
    <ClCompile Include="src\component\GameObject.cpp">
      <Filter>src\component</Filter>
    </ClCompile>
    <ClCompile Include="src\renderer\Texture.cpp">
      <Filter>src\renderer</Filter>
    </ClCompile>
    <ClCompile Include="src\renderer\Material.cpp">
      <Filter>src\renderer</Filter>
    </ClCompile>
    <ClCompile Include="src\renderer\ResourceManager.cpp">
      <Filter>src\renderer</Filter>
    </ClCompile>
    <ClCompile Include="src\renderer\Mesh_Renderer.cpp">
      <Filter>src\renderer</Filter>
    </ClCompile>
    <ClCompile Include="src\system\meta_register.cpp">
      <Filter>src\system</Filter>
    </ClCompile>
    <ClCompile Include="src\renderer\RenderScene.cpp">
      <Filter>src\renderer</Filter>
    </ClCompile>
    <ClCompile Include="src\buffer\UniformBuffer.cpp">
      <Filter>src\buffer</Filter>
    </ClCompile>
    <ClCompile Include="src\buffer\SSBO.cpp">
      <Filter>src\buffer</Filter>
    </ClCompile>
    <ClCompile Include="src\system\InputManager.cpp">
      <Filter>src\system</Filter>
    </ClCompile>
    <ClCompile Include="src\utils\Camera.cpp">
      <Filter>src\utils</Filter>
    </ClCompile>
    <ClCompile Include="src\buffer\FrameBuffer.cpp">
      <Filter>src\buffer</Filter>
    </ClCompile>
    <ClCompile Include="src\renderer\RenderPass.cpp">
      <Filter>src\renderer</Filter>
    </ClCompile>
    <ClCompile Include="src\component\Atmosphere.cpp">
      <Filter>src\component</Filter>
    </ClCompile>
    <ClCompile Include="src\buffer\ImageTexture.cpp">
      <Filter>src\buffer</Filter>
    </ClCompile>
    <ClCompile Include="src\buffer\RenderBuffer.cpp">
      <Filter>src\buffer</Filter>
    </ClCompile>
    <ClCompile Include="src\PT\PTTexture.cpp">
      <Filter>src\PT</Filter>
    </ClCompile>
    <ClCompile Include="src\PT\hittable.cpp">
      <Filter>src\PT\hittable</Filter>
    </ClCompile>
    <ClCompile Include="src\PT\PTrandom.cpp">
      <Filter>src\PT</Filter>
    </ClCompile>
    <ClCompile Include="src\PT\glm_vec3.cpp">
      <Filter>src\PT</Filter>
    </ClCompile>
    <ClCompile Include="src\PT\hittable\Rect.cpp">
      <Filter>src\PT\hittable</Filter>
    </ClCompile>
    <ClCompile Include="src\PT\Renderer.cpp">
      <Filter>src\PT</Filter>
    </ClCompile>
    <ClCompile Include="src\PT\hittable\Box.cpp">
      <Filter>src\PT\hittable</Filter>
    </ClCompile>
    <ClCompile Include="src\buffer\PBO.cpp">
      <Filter>src\buffer</Filter>
    </ClCompile>
    <ClCompile Include="src\PT\hittable\TransHittable.cpp">
      <Filter>src\PT\hittable</Filter>
    </ClCompile>
    <ClCompile Include="src\PT\hittable\medium.cpp">
      <Filter>src\PT\hittable</Filter>
    </ClCompile>
    <ClCompile Include="src\PT\PTMaterial.cpp">
      <Filter>src\PT\material</Filter>
    </ClCompile>
    <ClCompile Include="src\PT\material\isotropic.cpp">
      <Filter>src\PT\material</Filter>
    </ClCompile>
    <ClCompile Include="src\system\ModelLoader.cpp">
      <Filter>src\system</Filter>
    </ClCompile>
    <ClCompile Include="src\component\TerrainComponent.cpp">
      <Filter>src\component</Filter>
    </ClCompile>
    <ClCompile Include="src\component\Grass.cpp">
      <Filter>src\component</Filter>
    </ClCompile>
    <ClCompile Include="src\component\Ocean.cpp">
      <Filter>src\component</Filter>
    </ClCompile>
    <ClCompile Include="external\glad\glad.c">
      <Filter>src</Filter>
    </ClCompile>
    <ClCompile Include="external\imgui\imgui.cpp">
      <Filter>ImGui</Filter>
    </ClCompile>
    <ClCompile Include="external\imgui\imgui_draw.cpp">
      <Filter>ImGui</Filter>
    </ClCompile>
    <ClCompile Include="external\imgui\imgui_impl_glfw.cpp">
      <Filter>ImGui</Filter>
    </ClCompile>
    <ClCompile Include="external\imgui\imgui_impl_opengl3.cpp">
      <Filter>ImGui</Filter>
    </ClCompile>
    <ClCompile Include="external\imgui\imgui_tables.cpp">
      <Filter>ImGui</Filter>
    </ClCompile>
    <ClCompile Include="external\imgui\imgui_toggle.cpp">
      <Filter>ImGui</Filter>
    </ClCompile>
    <ClCompile Include="external\imgui\imgui_widgets.cpp">
      <Filter>ImGui</Filter>
    </ClCompile>
    <ClCompile Include="external\libdds\libdds.cpp">
      <Filter>libdds</Filter>
    </ClCompile>
    <ClCompile Include="external\libdds\libdds_opengl.cpp">
      <Filter>libdds</Filter>
    </ClCompile>
    <ClCompile Include="src\utils\Reflection.cpp">
      <Filter>src\utils</Filter>
    </ClCompile>
  </ItemGroup>
  <ItemGroup>
    <ClInclude Include="src\PT\hittable.h">
      <Filter>src\PT\hittable</Filter>
    </ClInclude>
    <ClInclude Include="src\PT\hittable\Rect.h">
      <Filter>src\PT\hittable</Filter>
    </ClInclude>
    <ClInclude Include="src\PT\hittable\Box.h">
      <Filter>src\PT\hittable</Filter>
    </ClInclude>
    <ClInclude Include="src\PT\hittable\TransHittable.h">
      <Filter>src\PT\hittable</Filter>
    </ClInclude>
    <ClInclude Include="src\PT\hittable\medium.h">
      <Filter>src\PT\hittable</Filter>
    </ClInclude>
    <ClInclude Include="src\PT\PTMaterial.h">
      <Filter>src\PT\material</Filter>
    </ClInclude>
    <ClInclude Include="src\PT\material\isotropic.h">
      <Filter>src\PT\material</Filter>
    </ClInclude>
    <ClInclude Include="external\libdds\dds_types.h">
      <Filter>libdds</Filter>
    </ClInclude>
    <ClInclude Include="external\libdds\libdds.h">
      <Filter>libdds</Filter>
    </ClInclude>
    <ClInclude Include="external\libdds\libdds_opengl.h">
      <Filter>libdds</Filter>
    </ClInclude>
    <ClInclude Include="include\GUI.h">
      <Filter>头文件</Filter>
    </ClInclude>
    <ClInclude Include="include\buffer\buffer.h">
      <Filter>头文件\buffer</Filter>
    </ClInclude>
    <ClInclude Include="include\buffer\FrameBuffer.h">
      <Filter>头文件\buffer</Filter>
    </ClInclude>
    <ClInclude Include="include\buffer\ImageTexture.h">
      <Filter>头文件\buffer</Filter>
    </ClInclude>
    <ClInclude Include="include\buffer\PBO.h">
      <Filter>头文件\buffer</Filter>
    </ClInclude>
    <ClInclude Include="include\buffer\RenderBuffer.h">
      <Filter>头文件\buffer</Filter>
    </ClInclude>
    <ClInclude Include="include\buffer\SSBO.h">
      <Filter>头文件\buffer</Filter>
    </ClInclude>
    <ClInclude Include="include\buffer\UniformBuffer.h">
      <Filter>头文件\buffer</Filter>
    </ClInclude>
    <ClInclude Include="include\component\Atmosphere.h">
      <Filter>头文件\component</Filter>
    </ClInclude>
    <ClInclude Include="include\component\Cloud.h">
      <Filter>头文件\component</Filter>
    </ClInclude>
    <ClInclude Include="include\component\Component.h">
      <Filter>头文件\component</Filter>
    </ClInclude>
    <ClInclude Include="include\component\GameObject.h">
      <Filter>头文件\component</Filter>
    </ClInclude>
    <ClInclude Include="include\component\Grass.h">
      <Filter>头文件\component</Filter>
    </ClInclude>
    <ClInclude Include="include\component\Lights.h">
      <Filter>头文件\component</Filter>
    </ClInclude>
    <ClInclude Include="include\component\Model.h">
      <Filter>头文件\component</Filter>
    </ClInclude>
    <ClInclude Include="include\component\Ocean.h">
      <Filter>头文件\component</Filter>
    </ClInclude>
    <ClInclude Include="include\component\TerrainComponent.h">
      <Filter>头文件\component</Filter>
    </ClInclude>
    <ClInclude Include="include\component\transform.h">
      <Filter>头文件\component</Filter>
    </ClInclude>
    <ClInclude Include="include\utils\Camera.h">
      <Filter>头文件\utils</Filter>
    </ClInclude>
    <ClInclude Include="include\utils\global.h">
      <Filter>头文件\utils</Filter>
    </ClInclude>
    <ClInclude Include="include\utils\header.h">
      <Filter>头文件\utils</Filter>
    </ClInclude>
    <ClInclude Include="include\utils\Shader.h">
      <Filter>头文件\utils</Filter>
    </ClInclude>
    <ClInclude Include="include\utils\Utils.h">
      <Filter>头文件\utils</Filter>
    </ClInclude>
    <ClInclude Include="include\system\global_context.h">
      <Filter>头文件\system</Filter>
    </ClInclude>
    <ClInclude Include="include\system\InputManager.h">
      <Filter>头文件\system</Filter>
    </ClInclude>
    <ClInclude Include="include\system\Key.h">
      <Filter>头文件\system</Filter>
    </ClInclude>
    <ClInclude Include="include\system\meta_register.h">
      <Filter>头文件\system</Filter>
    </ClInclude>
    <ClInclude Include="include\system\ModelLoader.h">
      <Filter>头文件\system</Filter>
    </ClInclude>
    <ClInclude Include="include\system\RenderManager.h">
      <Filter>头文件\system</Filter>
    </ClInclude>
    <ClInclude Include="include\renderer\Material.h">
      <Filter>头文件\renderer</Filter>
    </ClInclude>
    <ClInclude Include="include\renderer\Mesh_Filter.h">
      <Filter>头文件\renderer</Filter>
    </ClInclude>
    <ClInclude Include="include\renderer\Mesh_Renderer.h">
      <Filter>头文件\renderer</Filter>
    </ClInclude>
    <ClInclude Include="include\renderer\RenderPass.h">
      <Filter>头文件\renderer</Filter>
    </ClInclude>
    <ClInclude Include="include\renderer\RenderScene.h">
      <Filter>头文件\renderer</Filter>
    </ClInclude>
    <ClInclude Include="include\renderer\ResourceManager.h">
      <Filter>头文件\renderer</Filter>
    </ClInclude>
    <ClInclude Include="include\renderer\Texture.h">
      <Filter>头文件\renderer</Filter>
    </ClInclude>
    <ClInclude Include="include\PT\BVH.h">
      <Filter>头文件\PT</Filter>
    </ClInclude>
    <ClInclude Include="include\PT\glm_vec3.h">
      <Filter>头文件\PT</Filter>
    </ClInclude>
    <ClInclude Include="include\PT\hittable.h">
      <Filter>头文件\PT</Filter>
    </ClInclude>
    <ClInclude Include="include\PT\PathTracing.h">
      <Filter>头文件\PT</Filter>
    </ClInclude>
    <ClInclude Include="include\PT\PTAABB.h">
      <Filter>头文件\PT</Filter>
    </ClInclude>
    <ClInclude Include="include\PT\PTCamera.h">
      <Filter>头文件\PT</Filter>
    </ClInclude>
    <ClInclude Include="include\PT\PTHeader.h">
      <Filter>头文件\PT</Filter>
    </ClInclude>
    <ClInclude Include="include\PT\PTMaterial.h">
      <Filter>头文件\PT</Filter>
    </ClInclude>
    <ClInclude Include="include\PT\PTrandom.h">
      <Filter>头文件\PT</Filter>
    </ClInclude>
    <ClInclude Include="include\PT\PTRay.h">
      <Filter>头文件\PT</Filter>
    </ClInclude>
    <ClInclude Include="include\PT\PTTexture.h">
      <Filter>头文件\PT</Filter>
    </ClInclude>
    <ClInclude Include="include\PT\PTVec.h">
      <Filter>头文件\PT</Filter>
    </ClInclude>
    <ClInclude Include="include\PT\Renderer.h">
      <Filter>头文件\PT</Filter>
    </ClInclude>
    <ClInclude Include="include\PT\material\isotropic.h">
      <Filter>头文件\PT\material</Filter>
    </ClInclude>
    <ClInclude Include="include\PT\hittable\Box.h">
      <Filter>头文件\PT\hittable</Filter>
    </ClInclude>
    <ClInclude Include="include\PT\hittable\medium.h">
      <Filter>头文件\PT\hittable</Filter>
    </ClInclude>
    <ClInclude Include="include\PT\hittable\Rect.h">
      <Filter>头文件\PT\hittable</Filter>
    </ClInclude>
    <ClInclude Include="include\PT\hittable\TransHittable.h">
      <Filter>头文件\PT\hittable</Filter>
    </ClInclude>
    <ClInclude Include="include\object\SkyBox.h">
      <Filter>头文件\object</Filter>
    </ClInclude>
    <ClInclude Include="include\object\Terrain.h">
      <Filter>头文件\object</Filter>
    </ClInclude>
    <ClInclude Include="include\utils\Reflection.h">
      <Filter>头文件\utils</Filter>
    </ClInclude>
  </ItemGroup>
</Project>